
Microsoft Visual Studio Solution File, Format Version 12.00
# Visual Studio Version 17
VisualStudioVersion = 17.9.34723.18
MinimumVisualStudioVersion = 10.0.40219.1
Project("{FAE04EC0-301F-11D3-BF4B-00C04F79EFBC}") = "bt4buoi4", "bt4buoi4\bt4buoi4.csproj", "{1D7D6CB6-56AC-4E02-9843-ACC0376492C9}"
EndProject
Global
	GlobalSection(SolutionConfigurationPlatforms) = preSolution
		Debug|Any CPU = Debug|Any CPU
		Release|Any CPU = Release|Any CPU
	EndGlobalSection
	GlobalSection(ProjectConfigurationPlatforms) = postSolution
		{1D7D6CB6-56AC-4E02-9843-ACC0376492C9}.Debug|Any CPU.ActiveCfg = Debug|Any CPU
		{1D7D6CB6-56AC-4E02-9843-ACC0376492C9}.Debug|Any CPU.Build.0 = Debug|Any CPU
		{1D7D6CB6-56AC-4E02-9843-ACC0376492C9}.Release|Any CPU.ActiveCfg = Release|Any CPU
		{1D7D6CB6-56AC-4E02-9843-ACC0376492C9}.Release|Any CPU.Build.0 = Release|Any CPU
	EndGlobalSection
	GlobalSection(SolutionProperties) = preSolution
		HideSolutionNode = FALSE
	EndGlobalSection
	GlobalSection(ExtensibilityGlobals) = postSolution
		SolutionGuid = {1F93FBA4-F59E-43EF-ABA9-809E4BE42183}
	EndGlobalSection
EndGlobal
